
Microsoft Visual Studio Solution File, Format Version 12.00
# Visual Studio Version 16
VisualStudioVersion = 16.0.31129.286
MinimumVisualStudioVersion = 10.0.40219.1
Project("{8BC9CEB8-8B4A-11D0-8D11-00A0C91BC942}") = "chia32x", "Chia32x.vcxproj", "{29FDE9B6-D410-50EA-841A-870643648120}"
EndProject
Project("{2150E333-8FDC-42A3-9474-1A3956D46DE8}") = "Solution Items", "Solution Items", "{6767152D-88A1-40D9-8D1C-DC02976C7C30}"
EndProject
Global
	GlobalSection(SolutionConfigurationPlatforms) = preSolution
		debug|x64 = debug|x64
		debug|x86 = debug|x86
		release|x64 = release|x64
		release|x86 = release|x86
	EndGlobalSection
	GlobalSection(ProjectConfigurationPlatforms) = postSolution
		{29FDE9B6-D410-50EA-841A-870643648120}.debug|x64.ActiveCfg = debug|x64
		{29FDE9B6-D410-50EA-841A-870643648120}.debug|x64.Build.0 = debug|x64
		{29FDE9B6-D410-50EA-841A-870643648120}.debug|x86.ActiveCfg = debug|Win32
		{29FDE9B6-D410-50EA-841A-870643648120}.debug|x86.Build.0 = debug|Win32
		{29FDE9B6-D410-50EA-841A-870643648120}.release|x64.ActiveCfg = release|x64
		{29FDE9B6-D410-50EA-841A-870643648120}.release|x64.Build.0 = release|x64
		{29FDE9B6-D410-50EA-841A-870643648120}.release|x86.ActiveCfg = release|Win32
		{29FDE9B6-D410-50EA-841A-870643648120}.release|x86.Build.0 = release|Win32
	EndGlobalSection
	GlobalSection(SolutionProperties) = preSolution
		HideSolutionNode = FALSE
	EndGlobalSection
	GlobalSection(ExtensibilityGlobals) = postSolution
		SolutionGuid = {9F2D1C78-0F7B-4FF8-9F47-0B1BA68B4886}
	EndGlobalSection
EndGlobal
