<?xml version="1.0" encoding="utf-8"?>
<Project ToolsVersion="4.0" xmlns="http://schemas.microsoft.com/developer/msbuild/2003">
  <ItemGroup>
    <Filter Include="src\algorithm">
      <UniqueIdentifier>{a59031b3-37c4-58ad-7c67-fab1262cd96a}</UniqueIdentifier>
    </Filter>
    <Filter Include="src\b3">
      <UniqueIdentifier>{0b932c7a-0b4d-fb8b-708c-59fddbb4eb0b}</UniqueIdentifier>
    </Filter>
    <Filter Include="src\bech32">
      <UniqueIdentifier>{8db9baa5-cbc2-25c3-947b-520bb192ad88}</UniqueIdentifier>
    </Filter>
    <Filter Include="src\fse">
      <UniqueIdentifier>{b1a4dd12-f2fb-0d0e-d102-f19f0398533a}</UniqueIdentifier>
    </Filter>
    <Filter Include="src\io">
      <UniqueIdentifier>{85b9e582-4ac3-94a9-8368-781d15c42898}</UniqueIdentifier>
    </Filter>
    <Filter Include="src\memplot">
      <UniqueIdentifier>{a2552a42-5428-9392-31be-cf4a47a7afe1}</UniqueIdentifier>
    </Filter>
    <Filter Include="src\platform\linux">
      <UniqueIdentifier>{d5755668-0cd5-9f94-362e-c18e8bb0e6fc}</UniqueIdentifier>
    </Filter>
    <Filter Include="src\platform\macos">
      <UniqueIdentifier>{0a66f43f-f279-46fa-9fa2-f6c8f6cfcf84}</UniqueIdentifier>
    </Filter>
    <Filter Include="src\platform\unix">
      <UniqueIdentifier>{c3c8fc3d-af47-914b-b81d-1bbc7958b45a}</UniqueIdentifier>
    </Filter>
    <Filter Include="src\platform\win32">
      <UniqueIdentifier>{9168ce3a-4293-f2eb-6a52-49a24277e99c}</UniqueIdentifier>
    </Filter>
    <Filter Include="src\platform">
      <UniqueIdentifier>{495f6a59-fd01-198b-5073-4bca7c5c13c7}</UniqueIdentifier>
    </Filter>
    <Filter Include="src\pos">
      <UniqueIdentifier>{106140df-a651-9ed6-1c13-86d591d7c9cc}</UniqueIdentifier>
    </Filter>
    <Filter Include="src\test">
      <UniqueIdentifier>{6cc81b1d-01d8-40ba-85af-d6084f4db0b5}</UniqueIdentifier>
    </Filter>
    <Filter Include="src\threading">
      <UniqueIdentifier>{c233b50f-95ec-bfbb-762d-c0e32693c5bc}</UniqueIdentifier>
    </Filter>
    <Filter Include="src\util">
      <UniqueIdentifier>{9b1ae37c-887d-ef76-aec4-d4b2426aacc7}</UniqueIdentifier>
    </Filter>
    <Filter Include="src">
      <UniqueIdentifier>{7df57c02-b2ee-c49e-f22b-b76e1731e177}</UniqueIdentifier>
    </Filter>
    <Filter Include="lib">
      <UniqueIdentifier>{74e5b3e8-c2ec-0cca-7e8a-ff5394940f7b}</UniqueIdentifier>
    </Filter>
    <Filter Include="lib\include">
      <UniqueIdentifier>{31d79ad2-3b0a-f930-925a-ee39109638d0}</UniqueIdentifier>
    </Filter>
    <Filter Include="lib\include\bls">
      <UniqueIdentifier>{da067ac4-4aab-a236-ded2-cd25f4539bd6}</UniqueIdentifier>
    </Filter>
    <Filter Include="lib\include\relic">
      <UniqueIdentifier>{b865288a-1291-deac-3553-b0cb51bfd4ed}</UniqueIdentifier>
    </Filter>
    <Filter Include="lib\include\relic\low">
      <UniqueIdentifier>{e4d4811c-1c96-3e46-e571-381d226a5232}</UniqueIdentifier>
    </Filter>
    <Filter Include="src">
      <UniqueIdentifier>{7df57c02-b2ee-c49e-f22b-b76e1731e177}</UniqueIdentifier>
    </Filter>
    <Filter Include="src\algorithm">
      <UniqueIdentifier>{a59031b3-37c4-58ad-7c67-fab1262cd96a}</UniqueIdentifier>
    </Filter>
    <Filter Include="src\b3">
      <UniqueIdentifier>{0b932c7a-0b4d-fb8b-708c-59fddbb4eb0b}</UniqueIdentifier>
    </Filter>
    <Filter Include="src\bech32">
      <UniqueIdentifier>{8db9baa5-cbc2-25c3-947b-520bb192ad88}</UniqueIdentifier>
    </Filter>
    <Filter Include="src\fse">
      <UniqueIdentifier>{b1a4dd12-f2fb-0d0e-d102-f19f0398533a}</UniqueIdentifier>
    </Filter>
    <Filter Include="src\io">
      <UniqueIdentifier>{85b9e582-4ac3-94a9-8368-781d15c42898}</UniqueIdentifier>
    </Filter>
    <Filter Include="src\memplot">
      <UniqueIdentifier>{a2552a42-5428-9392-31be-cf4a47a7afe1}</UniqueIdentifier>
    </Filter>
    <Filter Include="src\pos">
      <UniqueIdentifier>{106140df-a651-9ed6-1c13-86d591d7c9cc}</UniqueIdentifier>
    </Filter>
    <Filter Include="src\threading">
      <UniqueIdentifier>{c233b50f-95ec-bfbb-762d-c0e32693c5bc}</UniqueIdentifier>
    </Filter>
    <Filter Include="src\util">
      <UniqueIdentifier>{9b1ae37c-887d-ef76-aec4-d4b2426aacc7}</UniqueIdentifier>
    </Filter>
  </ItemGroup>
  <ItemGroup>
    <ClInclude Include="src\algorithm\RadixSort.h">
      <Filter>src\algorithm</Filter>
    </ClInclude>
    <ClInclude Include="src\algorithm\YSort.h">
      <Filter>src\algorithm</Filter>
    </ClInclude>
    <ClInclude Include="src\b3\blake3_impl.h">
      <Filter>src\b3</Filter>
    </ClInclude>
    <ClInclude Include="src\b3\blake3.h">
      <Filter>src\b3</Filter>
    </ClInclude>
    <ClInclude Include="src\bech32\segwit_addr.h">
      <Filter>src\bech32</Filter>
    </ClInclude>
    <ClInclude Include="src\ChiaConsts.h">
      <Filter>src</Filter>
    </ClInclude>
    <ClInclude Include="src\Config.h">
      <Filter>src</Filter>
    </ClInclude>
    <ClInclude Include="src\fse\bitstream.h">
      <Filter>src\fse</Filter>
    </ClInclude>
    <ClInclude Include="src\fse\compiler.h">
      <Filter>src\fse</Filter>
    </ClInclude>
    <ClInclude Include="src\fse\debug.h">
      <Filter>src\fse</Filter>
    </ClInclude>
    <ClInclude Include="src\fse\error_private.h">
      <Filter>src\fse</Filter>
    </ClInclude>
    <ClInclude Include="src\fse\error_public.h">
      <Filter>src\fse</Filter>
    </ClInclude>
    <ClInclude Include="src\fse\fse.h">
      <Filter>src\fse</Filter>
    </ClInclude>
    <ClInclude Include="src\fse\hist.h">
      <Filter>src\fse</Filter>
    </ClInclude>
    <ClInclude Include="src\fse\huf.h">
      <Filter>src\fse</Filter>
    </ClInclude>
    <ClInclude Include="src\fse\mem.h">
      <Filter>src\fse</Filter>
    </ClInclude>
    <ClInclude Include="src\Globals.h">
      <Filter>src</Filter>
    </ClInclude>
    <ClInclude Include="src\io\FileStream.h">
      <Filter>src\io</Filter>
    </ClInclude>
    <ClInclude Include="src\memplot\CTables.h">
      <Filter>src\memplot</Filter>
    </ClInclude>
    <ClInclude Include="src\memplot\DbgHelper.h">
      <Filter>src\memplot</Filter>
    </ClInclude>
    <ClInclude Include="src\memplot\FxSort.h">
      <Filter>src\memplot</Filter>
    </ClInclude>
    <ClInclude Include="src\memplot\LPGen.h">
      <Filter>src\memplot</Filter>
    </ClInclude>
    <ClInclude Include="src\memplot\MemPhase1.h">
      <Filter>src\memplot</Filter>
    </ClInclude>
    <ClInclude Include="src\memplot\MemPhase2.h">
      <Filter>src\memplot</Filter>
    </ClInclude>
    <ClInclude Include="src\memplot\MemPhase3.h">
      <Filter>src\memplot</Filter>
    </ClInclude>
    <ClInclude Include="src\memplot\MemPhase4.h">
      <Filter>src\memplot</Filter>
    </ClInclude>
    <ClInclude Include="src\memplot\MemPlotter.h">
      <Filter>src\memplot</Filter>
    </ClInclude>
    <ClInclude Include="src\memplot\ParkWriter.h">
      <Filter>src\memplot</Filter>
    </ClInclude>
    <ClInclude Include="src\pch.h">
      <Filter>src</Filter>
    </ClInclude>
    <ClInclude Include="src\Platform.h">
      <Filter>src</Filter>
    </ClInclude>
    <ClInclude Include="src\PlotContext.h">
      <Filter>src</Filter>
    </ClInclude>
    <ClInclude Include="src\PlotWriter.h">
      <Filter>src</Filter>
    </ClInclude>
    <ClInclude Include="src\pos\chacha8.h">
      <Filter>src\pos</Filter>
    </ClInclude>
    <ClInclude Include="src\SysHost.h">
      <Filter>src</Filter>
    </ClInclude>
    <ClInclude Include="src\threading\Semaphore.h">
      <Filter>src\threading</Filter>
    </ClInclude>
    <ClInclude Include="src\threading\Thread.h">
      <Filter>src\threading</Filter>
    </ClInclude>
    <ClInclude Include="src\threading\ThreadPool.h">
      <Filter>src\threading</Filter>
    </ClInclude>
    <ClInclude Include="src\Types.h">
      <Filter>src</Filter>
    </ClInclude>
    <ClInclude Include="src\Util.h">
      <Filter>src</Filter>
    </ClInclude>
    <ClInclude Include="src\util\Log.h">
      <Filter>src\util</Filter>
    </ClInclude>
    <ClInclude Include="src\Version.h">
      <Filter>src</Filter>
    </ClInclude>
    <ClInclude Include="src\View.h">
      <Filter>src</Filter>
    </ClInclude>
    <ClInclude Include="lib/include/bls/bls.hpp">
      <Filter>lib/include/bls</Filter>
    </ClInclude>
    <ClInclude Include="lib/include/bls/elements.hpp">
      <Filter>lib/include/bls</Filter>
    </ClInclude>
    <ClInclude Include="lib/include/bls/hdkeys.hpp">
      <Filter>lib/include/bls</Filter>
    </ClInclude>
    <ClInclude Include="lib/include/bls/hkdf.hpp">
      <Filter>lib/include/bls</Filter>
    </ClInclude>
    <ClInclude Include="lib/include/bls/privatekey.hpp">
      <Filter>lib/include/bls</Filter>
    </ClInclude>
    <ClInclude Include="lib/include/bls/schemes.hpp">
      <Filter>lib/include/bls</Filter>
    </ClInclude>
    <ClInclude Include="lib/include/bls/test-utils.hpp">
      <Filter>lib/include/bls</Filter>
    </ClInclude>
    <ClInclude Include="lib/include/bls/util.hpp">
      <Filter>lib/include/bls</Filter>
    </ClInclude>
    <ClInclude Include="lib/include/relic/low/relic_bn_low.h">
      <Filter>lib/include/relic/low</Filter>
    </ClInclude>
    <ClInclude Include="lib/include/relic/low/relic_dv_low.h">
      <Filter>lib/include/relic/low</Filter>
    </ClInclude>
    <ClInclude Include="lib/include/relic/low/relic_fb_low.h">
      <Filter>lib/include/relic/low</Filter>
    </ClInclude>
    <ClInclude Include="lib/include/relic/low/relic_fp_low.h">
      <Filter>lib/include/relic/low</Filter>
    </ClInclude>
    <ClInclude Include="lib/include/relic/low/relic_fpx_low.h">
      <Filter>lib/include/relic/low</Filter>
    </ClInclude>
    <ClInclude Include="lib/include/relic/relic_alloc.h">
      <Filter>lib/include/relic</Filter>
    </ClInclude>
    <ClInclude Include="lib/include/relic/relic_arch.h">
      <Filter>lib/include/relic</Filter>
    </ClInclude>
    <ClInclude Include="lib/include/relic/relic_bc.h">
      <Filter>lib/include/relic</Filter>
    </ClInclude>
    <ClInclude Include="lib/include/relic/relic_bench.h">
      <Filter>lib/include/relic</Filter>
    </ClInclude>
    <ClInclude Include="lib/include/relic/relic_bn.h">
      <Filter>lib/include/relic</Filter>
    </ClInclude>
    <ClInclude Include="lib/include/relic/relic_conf.h">
      <Filter>lib/include/relic</Filter>
    </ClInclude>
    <ClInclude Include="lib/include/relic/relic_core.h">
      <Filter>lib/include/relic</Filter>
    </ClInclude>
    <ClInclude Include="lib/include/relic/relic_cp.h">
      <Filter>lib/include/relic</Filter>
    </ClInclude>
    <ClInclude Include="lib/include/relic/relic_dv.h">
      <Filter>lib/include/relic</Filter>
    </ClInclude>
    <ClInclude Include="lib/include/relic/relic_eb.h">
      <Filter>lib/include/relic</Filter>
    </ClInclude>
    <ClInclude Include="lib/include/relic/relic_ec.h">
      <Filter>lib/include/relic</Filter>
    </ClInclude>
    <ClInclude Include="lib/include/relic/relic_ed.h">
      <Filter>lib/include/relic</Filter>
    </ClInclude>
    <ClInclude Include="lib/include/relic/relic_ep.h">
      <Filter>lib/include/relic</Filter>
    </ClInclude>
    <ClInclude Include="lib/include/relic/relic_epx.h">
      <Filter>lib/include/relic</Filter>
    </ClInclude>
    <ClInclude Include="lib/include/relic/relic_err.h">
      <Filter>lib/include/relic</Filter>
    </ClInclude>
    <ClInclude Include="lib/include/relic/relic_fb.h">
      <Filter>lib/include/relic</Filter>
    </ClInclude>
    <ClInclude Include="lib/include/relic/relic_fbx.h">
      <Filter>lib/include/relic</Filter>
    </ClInclude>
    <ClInclude Include="lib/include/relic/relic_fp.h">
      <Filter>lib/include/relic</Filter>
    </ClInclude>
    <ClInclude Include="lib/include/relic/relic_fpx.h">
      <Filter>lib/include/relic</Filter>
    </ClInclude>
    <ClInclude Include="lib/include/relic/relic_label.h">
      <Filter>lib/include/relic</Filter>
    </ClInclude>
    <ClInclude Include="lib/include/relic/relic_md.h">
      <Filter>lib/include/relic</Filter>
    </ClInclude>
    <ClInclude Include="lib/include/relic/relic_mpc.h">
      <Filter>lib/include/relic</Filter>
    </ClInclude>
    <ClInclude Include="lib/include/relic/relic_multi.h">
      <Filter>lib/include/relic</Filter>
    </ClInclude>
    <ClInclude Include="lib/include/relic/relic_pc.h">
      <Filter>lib/include/relic</Filter>
    </ClInclude>
    <ClInclude Include="lib/include/relic/relic_pp.h">
      <Filter>lib/include/relic</Filter>
    </ClInclude>
    <ClInclude Include="lib/include/relic/relic_rand.h">
      <Filter>lib/include/relic</Filter>
    </ClInclude>
    <ClInclude Include="lib/include/relic/relic_test.h">
      <Filter>lib/include/relic</Filter>
    </ClInclude>
    <ClInclude Include="lib/include/relic/relic_types.h">
      <Filter>lib/include/relic</Filter>
    </ClInclude>
    <ClInclude Include="lib/include/relic/relic_util.h">
      <Filter>lib/include/relic</Filter>
    </ClInclude>
    <ClInclude Include="lib/include/relic/relic.h">
      <Filter>lib/include/relic</Filter>
    </ClInclude>
    <ClInclude Include="src/algorithm/RadixSort.h">
      <Filter>src/algorithm</Filter>
    </ClInclude>
    <ClInclude Include="src/algorithm/YSort.h">
      <Filter>src/algorithm</Filter>
    </ClInclude>
    <ClInclude Include="src/b3/blake3_impl.h">
      <Filter>src/b3</Filter>
    </ClInclude>
    <ClInclude Include="src/b3/blake3.h">
      <Filter>src/b3</Filter>
    </ClInclude>
    <ClInclude Include="src/bech32/segwit_addr.h">
      <Filter>src/bech32</Filter>
    </ClInclude>
    <ClInclude Include="src/ChiaConsts.h">
      <Filter>src</Filter>
    </ClInclude>
    <ClInclude Include="src/Config.h">
      <Filter>src</Filter>
    </ClInclude>
    <ClInclude Include="src/fse/bitstream.h">
      <Filter>src/fse</Filter>
    </ClInclude>
    <ClInclude Include="src/fse/compiler.h">
      <Filter>src/fse</Filter>
    </ClInclude>
    <ClInclude Include="src/fse/debug.h">
      <Filter>src/fse</Filter>
    </ClInclude>
    <ClInclude Include="src/fse/error_private.h">
      <Filter>src/fse</Filter>
    </ClInclude>
    <ClInclude Include="src/fse/error_public.h">
      <Filter>src/fse</Filter>
    </ClInclude>
    <ClInclude Include="src/fse/fse.h">
      <Filter>src/fse</Filter>
    </ClInclude>
    <ClInclude Include="src/fse/hist.h">
      <Filter>src/fse</Filter>
    </ClInclude>
    <ClInclude Include="src/fse/huf.h">
      <Filter>src/fse</Filter>
    </ClInclude>
    <ClInclude Include="src/fse/mem.h">
      <Filter>src/fse</Filter>
    </ClInclude>
    <ClInclude Include="src/Globals.h">
      <Filter>src</Filter>
    </ClInclude>
    <ClInclude Include="src/io/FileStream.h">
      <Filter>src/io</Filter>
    </ClInclude>
    <ClInclude Include="src/memplot/CTables.h">
      <Filter>src/memplot</Filter>
    </ClInclude>
    <ClInclude Include="src/memplot/DbgHelper.h">
      <Filter>src/memplot</Filter>
    </ClInclude>
    <ClInclude Include="src/memplot/FxSort.h">
      <Filter>src/memplot</Filter>
    </ClInclude>
    <ClInclude Include="src/memplot/LPGen.h">
      <Filter>src/memplot</Filter>
    </ClInclude>
    <ClInclude Include="src/memplot/MemPhase1.h">
      <Filter>src/memplot</Filter>
    </ClInclude>
    <ClInclude Include="src/memplot/MemPhase2.h">
      <Filter>src/memplot</Filter>
    </ClInclude>
    <ClInclude Include="src/memplot/MemPhase3.h">
      <Filter>src/memplot</Filter>
    </ClInclude>
    <ClInclude Include="src/memplot/MemPhase4.h">
      <Filter>src/memplot</Filter>
    </ClInclude>
    <ClInclude Include="src/memplot/MemPlotter.h">
      <Filter>src/memplot</Filter>
    </ClInclude>
    <ClInclude Include="src/memplot/ParkWriter.h">
      <Filter>src/memplot</Filter>
    </ClInclude>
    <ClInclude Include="src/pch.h">
      <Filter>src</Filter>
    </ClInclude>
    <ClInclude Include="src/Platform.h">
      <Filter>src</Filter>
    </ClInclude>
    <ClInclude Include="src/PlotContext.h">
      <Filter>src</Filter>
    </ClInclude>
    <ClInclude Include="src/PlotWriter.h">
      <Filter>src</Filter>
    </ClInclude>
    <ClInclude Include="src/pos/chacha8.h">
      <Filter>src/pos</Filter>
    </ClInclude>
    <ClInclude Include="src/SysHost.h">
      <Filter>src</Filter>
    </ClInclude>
    <ClInclude Include="src/threading/Semaphore.h">
      <Filter>src/threading</Filter>
    </ClInclude>
    <ClInclude Include="src/threading/Thread.h">
      <Filter>src/threading</Filter>
    </ClInclude>
    <ClInclude Include="src/threading/ThreadPool.h">
      <Filter>src/threading</Filter>
    </ClInclude>
    <ClInclude Include="src/Types.h">
      <Filter>src</Filter>
    </ClInclude>
    <ClInclude Include="src/Util.h">
      <Filter>src</Filter>
    </ClInclude>
    <ClInclude Include="src/util/Log.h">
      <Filter>src/util</Filter>
    </ClInclude>
    <ClInclude Include="src/Version.h">
      <Filter>src</Filter>
    </ClInclude>
    <ClInclude Include="src/View.h">
      <Filter>src</Filter>
    </ClInclude>
  </ItemGroup>
  <ItemGroup>
    <ClCompile Include="src\algorithm\YSort.cpp">
      <Filter>src\algorithm</Filter>
    </ClCompile>
    <ClCompile Include="src\b3\blake3_avx2.c">
      <Filter>src\b3</Filter>
    </ClCompile>
    <ClCompile Include="src\b3\blake3_avx512.c">
      <Filter>src\b3</Filter>
    </ClCompile>
    <ClCompile Include="src\b3\blake3_dispatch.c">
      <Filter>src\b3</Filter>
    </ClCompile>
    <ClCompile Include="src\b3\blake3_portable.c">
      <Filter>src\b3</Filter>
    </ClCompile>
    <ClCompile Include="src\b3\blake3_sse41.c">
      <Filter>src\b3</Filter>
    </ClCompile>
    <ClCompile Include="src\b3\blake3.c">
      <Filter>src\b3</Filter>
    </ClCompile>
    <ClCompile Include="src\bech32\segwit_addr.c">
      <Filter>src\bech32</Filter>
    </ClCompile>
    <ClCompile Include="src\fse\debug.c">
      <Filter>src\fse</Filter>
    </ClCompile>
    <ClCompile Include="src\fse\entropy_common.c">
      <Filter>src\fse</Filter>
    </ClCompile>
    <ClCompile Include="src\fse\fse_compress.c">
      <Filter>src\fse</Filter>
    </ClCompile>
    <ClCompile Include="src\fse\fse_decompress.c">
      <Filter>src\fse</Filter>
    </ClCompile>
    <ClCompile Include="src\fse\hist.c">
      <Filter>src\fse</Filter>
    </ClCompile>
    <ClCompile Include="src\io\FileStream.cpp">
      <Filter>src\io</Filter>
    </ClCompile>
    <ClCompile Include="src\main.cpp">
      <Filter>src</Filter>
    </ClCompile>
    <ClCompile Include="src\memplot\DbgHelper.cpp">
      <Filter>src\memplot</Filter>
    </ClCompile>
    <ClCompile Include="src\memplot\MemPhase1.cpp">
      <Filter>src\memplot</Filter>
    </ClCompile>
    <ClCompile Include="src\memplot\MemPhase2.cpp">
      <Filter>src\memplot</Filter>
    </ClCompile>
    <ClCompile Include="src\memplot\MemPhase3.cpp">
      <Filter>src\memplot</Filter>
    </ClCompile>
    <ClCompile Include="src\memplot\MemPhase4.cpp">
      <Filter>src\memplot</Filter>
    </ClCompile>
    <ClCompile Include="src\memplot\MemPlotter.cpp">
      <Filter>src\memplot</Filter>
    </ClCompile>
    <ClCompile Include="src\pch.cpp">
      <Filter>src</Filter>
    </ClCompile>
    <ClCompile Include="src\platform\linux\SysHost_Linux.cpp">
      <Filter>src\platform\linux</Filter>
    </ClCompile>
    <ClCompile Include="src\platform\macos\SysHost_Macos.cpp">
      <Filter>src\platform\macos</Filter>
    </ClCompile>
    <ClCompile Include="src\platform\unix\FileStream_Unix.cpp">
      <Filter>src\platform\unix</Filter>
    </ClCompile>
    <ClCompile Include="src\platform\win32\SysHost_Win32.cpp">
      <Filter>src\platform\win32</Filter>
    </ClCompile>
    <ClCompile Include="src\PlotContext.cpp">
      <Filter>src</Filter>
    </ClCompile>
    <ClCompile Include="src\PlotWriter.cpp">
      <Filter>src</Filter>
    </ClCompile>
    <ClCompile Include="src\pos\chacha8.cpp">
      <Filter>src\pos</Filter>
    </ClCompile>
    <ClCompile Include="src\SysHost.cpp">
      <Filter>src</Filter>
    </ClCompile>
    <ClCompile Include="src\test\test_main.cpp">
      <Filter>src\test</Filter>
    </ClCompile>
    <ClCompile Include="src\test\test_numa_sort.cpp">
      <Filter>src\test</Filter>
    </ClCompile>
    <ClCompile Include="src\threading\Semaphore.cpp">
      <Filter>src\threading</Filter>
    </ClCompile>
    <ClCompile Include="src\threading\Thread.cpp">
      <Filter>src\threading</Filter>
    </ClCompile>
    <ClCompile Include="src\threading\ThreadPool.cpp">
      <Filter>src\threading</Filter>
    </ClCompile>
    <ClCompile Include="src\Util.cpp">
      <Filter>src</Filter>
    </ClCompile>
    <ClCompile Include="src\util\Log.cpp">
      <Filter>src\util</Filter>
    </ClCompile>
  </ItemGroup>
  <ItemGroup/>
  <ItemGroup>
    <None Include="src\b3\blake3_avx2_x86-64_unix.S">
      <Filter>src\b3</Filter>
    </None>
    <None Include="src\b3\blake3_avx512_x86-64_unix.S">
      <Filter>src\b3</Filter>
    </None>
    <None Include="src\b3\blake3_sse41_x86-64_unix.S">
      <Filter>src\b3</Filter>
    </None>
    <None Include="src\fse\commit">
      <Filter>src\fse</Filter>
    </None>
    <None Include="src\fse\LICENSE">
      <Filter>src\fse</Filter>
    </None>
    <None Include="src\fse\README.md">
      <Filter>src\fse</Filter>
    </None>
  </ItemGroup>
</Project>