<?xml version="1.0" encoding="utf-8"?>
<Project ToolsVersion="4.0" xmlns="http://schemas.microsoft.com/developer/msbuild/2003">
  <ItemGroup>
    <Filter Include="src\algorithm">
      <UniqueIdentifier>{8f1957f0-d752-330a-644c-f99a9db0bf42}</UniqueIdentifier>
    </Filter>
    <Filter Include="src\b3">
      <UniqueIdentifier>{b1d8faf5-fb10-a043-cd0a-8d72430de6b8}</UniqueIdentifier>
    </Filter>
    <Filter Include="src\bech32">
      <UniqueIdentifier>{f3428b75-cb6d-4890-f7af-6fa3cfff84d3}</UniqueIdentifier>
    </Filter>
    <Filter Include="src\fse">
      <UniqueIdentifier>{48cd1258-04c7-d8ed-809f-cfa354afeeec}</UniqueIdentifier>
    </Filter>
    <Filter Include="src\io">
      <UniqueIdentifier>{3c0f0658-46d7-03f7-20d0-eed974ab1ea3}</UniqueIdentifier>
    </Filter>
    <Filter Include="src\memplot">
      <UniqueIdentifier>{83d8d880-e9ed-0379-a140-a37a4577ed03}</UniqueIdentifier>
    </Filter>
    <Filter Include="src\platform\linux">
      <UniqueIdentifier>{35398dc4-3e2d-a7f2-db68-e9f94f16025f}</UniqueIdentifier>
    </Filter>
    <Filter Include="src\platform\macos">
      <UniqueIdentifier>{923ead3d-cf7c-2618-f756-bc6d4a677240}</UniqueIdentifier>
    </Filter>
    <Filter Include="src\platform\unix">
      <UniqueIdentifier>{bb8a16e0-b12e-be49-5bdd-7e68231dbcd6}</UniqueIdentifier>
    </Filter>
    <Filter Include="src\platform\win32">
      <UniqueIdentifier>{183a141b-5d61-397a-42b5-3eace496ea3a}</UniqueIdentifier>
    </Filter>
    <Filter Include="src\platform">
      <UniqueIdentifier>{c45c91e8-4a27-fe28-8f7a-dfec202905cb}</UniqueIdentifier>
    </Filter>
    <Filter Include="src\pos">
      <UniqueIdentifier>{8e6e0887-b9e8-009c-4c4d-d9b6be1adff1}</UniqueIdentifier>
    </Filter>
    <Filter Include="src\test">
      <UniqueIdentifier>{84ee111c-f81e-9afb-ac8b-80e1e56bc3b3}</UniqueIdentifier>
    </Filter>
    <Filter Include="src\threading">
      <UniqueIdentifier>{17d13f51-2843-7066-be2f-112d010b0cc7}</UniqueIdentifier>
    </Filter>
    <Filter Include="src\util">
      <UniqueIdentifier>{218b243e-f525-bb49-6418-aa995bef3a7c}</UniqueIdentifier>
    </Filter>
    <Filter Include="src">
      <UniqueIdentifier>{45503dd2-75fb-fee0-60b7-8b91d8e4460b}</UniqueIdentifier>
    </Filter>
    <Filter Include="src">
      <UniqueIdentifier>{45503dd2-75fb-fee0-60b7-8b91d8e4460b}</UniqueIdentifier>
    </Filter>
    <Filter Include="src\algorithm">
      <UniqueIdentifier>{8f1957f0-d752-330a-644c-f99a9db0bf42}</UniqueIdentifier>
    </Filter>
    <Filter Include="src\b3">
      <UniqueIdentifier>{b1d8faf5-fb10-a043-cd0a-8d72430de6b8}</UniqueIdentifier>
    </Filter>
    <Filter Include="src\bech32">
      <UniqueIdentifier>{f3428b75-cb6d-4890-f7af-6fa3cfff84d3}</UniqueIdentifier>
    </Filter>
    <Filter Include="src\fse">
      <UniqueIdentifier>{48cd1258-04c7-d8ed-809f-cfa354afeeec}</UniqueIdentifier>
    </Filter>
    <Filter Include="src\io">
      <UniqueIdentifier>{3c0f0658-46d7-03f7-20d0-eed974ab1ea3}</UniqueIdentifier>
    </Filter>
    <Filter Include="src\memplot">
      <UniqueIdentifier>{83d8d880-e9ed-0379-a140-a37a4577ed03}</UniqueIdentifier>
    </Filter>
    <Filter Include="src\pos">
      <UniqueIdentifier>{8e6e0887-b9e8-009c-4c4d-d9b6be1adff1}</UniqueIdentifier>
    </Filter>
    <Filter Include="src\threading">
      <UniqueIdentifier>{17d13f51-2843-7066-be2f-112d010b0cc7}</UniqueIdentifier>
    </Filter>
    <Filter Include="src\util">
      <UniqueIdentifier>{218b243e-f525-bb49-6418-aa995bef3a7c}</UniqueIdentifier>
    </Filter>
  </ItemGroup>
  <ItemGroup>
    <ClInclude Include="src\algorithm\RadixSort.h">
      <Filter>src\algorithm</Filter>
    </ClInclude>
    <ClInclude Include="src\algorithm\YSort.h">
      <Filter>src\algorithm</Filter>
    </ClInclude>
    <ClInclude Include="src\b3\blake3_impl.h">
      <Filter>src\b3</Filter>
    </ClInclude>
    <ClInclude Include="src\b3\blake3.h">
      <Filter>src\b3</Filter>
    </ClInclude>
    <ClInclude Include="src\bech32\segwit_addr.h">
      <Filter>src\bech32</Filter>
    </ClInclude>
    <ClInclude Include="src\ChiaConsts.h">
      <Filter>src</Filter>
    </ClInclude>
    <ClInclude Include="src\Config.h">
      <Filter>src</Filter>
    </ClInclude>
    <ClInclude Include="src\fse\bitstream.h">
      <Filter>src\fse</Filter>
    </ClInclude>
    <ClInclude Include="src\fse\compiler.h">
      <Filter>src\fse</Filter>
    </ClInclude>
    <ClInclude Include="src\fse\debug.h">
      <Filter>src\fse</Filter>
    </ClInclude>
    <ClInclude Include="src\fse\error_private.h">
      <Filter>src\fse</Filter>
    </ClInclude>
    <ClInclude Include="src\fse\error_public.h">
      <Filter>src\fse</Filter>
    </ClInclude>
    <ClInclude Include="src\fse\fse.h">
      <Filter>src\fse</Filter>
    </ClInclude>
    <ClInclude Include="src\fse\hist.h">
      <Filter>src\fse</Filter>
    </ClInclude>
    <ClInclude Include="src\fse\huf.h">
      <Filter>src\fse</Filter>
    </ClInclude>
    <ClInclude Include="src\fse\mem.h">
      <Filter>src\fse</Filter>
    </ClInclude>
    <ClInclude Include="src\Globals.h">
      <Filter>src</Filter>
    </ClInclude>
    <ClInclude Include="src\io\FileStream.h">
      <Filter>src\io</Filter>
    </ClInclude>
    <ClInclude Include="src\memplot\CTables.h">
      <Filter>src\memplot</Filter>
    </ClInclude>
    <ClInclude Include="src\memplot\DbgHelper.h">
      <Filter>src\memplot</Filter>
    </ClInclude>
    <ClInclude Include="src\memplot\FxSort.h">
      <Filter>src\memplot</Filter>
    </ClInclude>
    <ClInclude Include="src\memplot\LPGen.h">
      <Filter>src\memplot</Filter>
    </ClInclude>
    <ClInclude Include="src\memplot\MemPhase1.h">
      <Filter>src\memplot</Filter>
    </ClInclude>
    <ClInclude Include="src\memplot\MemPhase2.h">
      <Filter>src\memplot</Filter>
    </ClInclude>
    <ClInclude Include="src\memplot\MemPhase3.h">
      <Filter>src\memplot</Filter>
    </ClInclude>
    <ClInclude Include="src\memplot\MemPhase4.h">
      <Filter>src\memplot</Filter>
    </ClInclude>
    <ClInclude Include="src\memplot\MemPlotter.h">
      <Filter>src\memplot</Filter>
    </ClInclude>
    <ClInclude Include="src\memplot\ParkWriter.h">
      <Filter>src\memplot</Filter>
    </ClInclude>
    <ClInclude Include="src\pch.h">
      <Filter>src</Filter>
    </ClInclude>
    <ClInclude Include="src\Platform.h">
      <Filter>src</Filter>
    </ClInclude>
    <ClInclude Include="src\PlotContext.h">
      <Filter>src</Filter>
    </ClInclude>
    <ClInclude Include="src\PlotWriter.h">
      <Filter>src</Filter>
    </ClInclude>
    <ClInclude Include="src\pos\chacha8.h">
      <Filter>src\pos</Filter>
    </ClInclude>
    <ClInclude Include="src\SysHost.h">
      <Filter>src</Filter>
    </ClInclude>
    <ClInclude Include="src\threading\Semaphore.h">
      <Filter>src\threading</Filter>
    </ClInclude>
    <ClInclude Include="src\threading\Thread.h">
      <Filter>src\threading</Filter>
    </ClInclude>
    <ClInclude Include="src\threading\ThreadPool.h">
      <Filter>src\threading</Filter>
    </ClInclude>
    <ClInclude Include="src\Types.h">
      <Filter>src</Filter>
    </ClInclude>
    <ClInclude Include="src\Util.h">
      <Filter>src</Filter>
    </ClInclude>
    <ClInclude Include="src\util\Log.h">
      <Filter>src\util</Filter>
    </ClInclude>
    <ClInclude Include="src\Version.h">
      <Filter>src</Filter>
    </ClInclude>
    <ClInclude Include="src\View.h">
      <Filter>src</Filter>
    </ClInclude>
    <ClInclude Include="src\algorithm\RadixSort.h">
      <Filter>src\algorithm</Filter>
    </ClInclude>
    <ClInclude Include="src\algorithm\YSort.h">
      <Filter>src\algorithm</Filter>
    </ClInclude>
    <ClInclude Include="src\b3\blake3_impl.h">
      <Filter>src\b3</Filter>
    </ClInclude>
    <ClInclude Include="src\b3\blake3.h">
      <Filter>src\b3</Filter>
    </ClInclude>
    <ClInclude Include="src\bech32\segwit_addr.h">
      <Filter>src\bech32</Filter>
    </ClInclude>
    <ClInclude Include="src\ChiaConsts.h">
      <Filter>src</Filter>
    </ClInclude>
    <ClInclude Include="src\Config.h">
      <Filter>src</Filter>
    </ClInclude>
    <ClInclude Include="src\fse\bitstream.h">
      <Filter>src\fse</Filter>
    </ClInclude>
    <ClInclude Include="src\fse\compiler.h">
      <Filter>src\fse</Filter>
    </ClInclude>
    <ClInclude Include="src\fse\debug.h">
      <Filter>src\fse</Filter>
    </ClInclude>
    <ClInclude Include="src\fse\error_private.h">
      <Filter>src\fse</Filter>
    </ClInclude>
    <ClInclude Include="src\fse\error_public.h">
      <Filter>src\fse</Filter>
    </ClInclude>
    <ClInclude Include="src\fse\fse.h">
      <Filter>src\fse</Filter>
    </ClInclude>
    <ClInclude Include="src\fse\hist.h">
      <Filter>src\fse</Filter>
    </ClInclude>
    <ClInclude Include="src\fse\huf.h">
      <Filter>src\fse</Filter>
    </ClInclude>
    <ClInclude Include="src\fse\mem.h">
      <Filter>src\fse</Filter>
    </ClInclude>
    <ClInclude Include="src\Globals.h">
      <Filter>src</Filter>
    </ClInclude>
    <ClInclude Include="src\io\FileStream.h">
      <Filter>src\io</Filter>
    </ClInclude>
    <ClInclude Include="src\memplot\CTables.h">
      <Filter>src\memplot</Filter>
    </ClInclude>
    <ClInclude Include="src\memplot\DbgHelper.h">
      <Filter>src\memplot</Filter>
    </ClInclude>
    <ClInclude Include="src\memplot\FxSort.h">
      <Filter>src\memplot</Filter>
    </ClInclude>
    <ClInclude Include="src\memplot\LPGen.h">
      <Filter>src\memplot</Filter>
    </ClInclude>
    <ClInclude Include="src\memplot\MemPhase1.h">
      <Filter>src\memplot</Filter>
    </ClInclude>
    <ClInclude Include="src\memplot\MemPhase2.h">
      <Filter>src\memplot</Filter>
    </ClInclude>
    <ClInclude Include="src\memplot\MemPhase3.h">
      <Filter>src\memplot</Filter>
    </ClInclude>
    <ClInclude Include="src\memplot\MemPhase4.h">
      <Filter>src\memplot</Filter>
    </ClInclude>
    <ClInclude Include="src\memplot\MemPlotter.h">
      <Filter>src\memplot</Filter>
    </ClInclude>
    <ClInclude Include="src\memplot\ParkWriter.h">
      <Filter>src\memplot</Filter>
    </ClInclude>
    <ClInclude Include="src\pch.h">
      <Filter>src</Filter>
    </ClInclude>
    <ClInclude Include="src\Platform.h">
      <Filter>src</Filter>
    </ClInclude>
    <ClInclude Include="src\PlotContext.h">
      <Filter>src</Filter>
    </ClInclude>
    <ClInclude Include="src\PlotWriter.h">
      <Filter>src</Filter>
    </ClInclude>
    <ClInclude Include="src\pos\chacha8.h">
      <Filter>src\pos</Filter>
    </ClInclude>
    <ClInclude Include="src\SysHost.h">
      <Filter>src</Filter>
    </ClInclude>
    <ClInclude Include="src\threading\Semaphore.h">
      <Filter>src\threading</Filter>
    </ClInclude>
    <ClInclude Include="src\threading\Thread.h">
      <Filter>src\threading</Filter>
    </ClInclude>
    <ClInclude Include="src\threading\ThreadPool.h">
      <Filter>src\threading</Filter>
    </ClInclude>
    <ClInclude Include="src\Types.h">
      <Filter>src</Filter>
    </ClInclude>
    <ClInclude Include="src\Util.h">
      <Filter>src</Filter>
    </ClInclude>
    <ClInclude Include="src\util\Log.h">
      <Filter>src\util</Filter>
    </ClInclude>
    <ClInclude Include="src\Version.h">
      <Filter>src</Filter>
    </ClInclude>
    <ClInclude Include="src\View.h">
      <Filter>src</Filter>
    </ClInclude>
  </ItemGroup>
  <ItemGroup>
    <ClCompile Include="src\algorithm\YSort.cpp">
      <Filter>src\algorithm</Filter>
    </ClCompile>
    <ClCompile Include="src\b3\blake3_avx2.c">
      <Filter>src\b3</Filter>
    </ClCompile>
    <ClCompile Include="src\b3\blake3_avx512.c">
      <Filter>src\b3</Filter>
    </ClCompile>
    <ClCompile Include="src\b3\blake3_dispatch.c">
      <Filter>src\b3</Filter>
    </ClCompile>
    <ClCompile Include="src\b3\blake3_portable.c">
      <Filter>src\b3</Filter>
    </ClCompile>
    <ClCompile Include="src\b3\blake3_sse41.c">
      <Filter>src\b3</Filter>
    </ClCompile>
    <ClCompile Include="src\b3\blake3.c">
      <Filter>src\b3</Filter>
    </ClCompile>
    <ClCompile Include="src\bech32\segwit_addr.c">
      <Filter>src\bech32</Filter>
    </ClCompile>
    <ClCompile Include="src\fse\debug.c">
      <Filter>src\fse</Filter>
    </ClCompile>
    <ClCompile Include="src\fse\entropy_common.c">
      <Filter>src\fse</Filter>
    </ClCompile>
    <ClCompile Include="src\fse\fse_compress.c">
      <Filter>src\fse</Filter>
    </ClCompile>
    <ClCompile Include="src\fse\fse_decompress.c">
      <Filter>src\fse</Filter>
    </ClCompile>
    <ClCompile Include="src\fse\hist.c">
      <Filter>src\fse</Filter>
    </ClCompile>
    <ClCompile Include="src\io\FileStream.cpp">
      <Filter>src\io</Filter>
    </ClCompile>
    <ClCompile Include="src\main.cpp">
      <Filter>src</Filter>
    </ClCompile>
    <ClCompile Include="src\memplot\DbgHelper.cpp">
      <Filter>src\memplot</Filter>
    </ClCompile>
    <ClCompile Include="src\memplot\MemPhase1.cpp">
      <Filter>src\memplot</Filter>
    </ClCompile>
    <ClCompile Include="src\memplot\MemPhase2.cpp">
      <Filter>src\memplot</Filter>
    </ClCompile>
    <ClCompile Include="src\memplot\MemPhase3.cpp">
      <Filter>src\memplot</Filter>
    </ClCompile>
    <ClCompile Include="src\memplot\MemPhase4.cpp">
      <Filter>src\memplot</Filter>
    </ClCompile>
    <ClCompile Include="src\memplot\MemPlotter.cpp">
      <Filter>src\memplot</Filter>
    </ClCompile>
    <ClCompile Include="src\pch.cpp">
      <Filter>src</Filter>
    </ClCompile>
    <ClCompile Include="src\platform\linux\SysHost_Linux.cpp">
      <Filter>src\platform\linux</Filter>
    </ClCompile>
    <ClCompile Include="src\platform\macos\SysHost_Macos.cpp">
      <Filter>src\platform\macos</Filter>
    </ClCompile>
    <ClCompile Include="src\platform\unix\FileStream_Unix.cpp">
      <Filter>src\platform\unix</Filter>
    </ClCompile>
    <ClCompile Include="src\platform\win32\FileStream_Win32.cpp">
      <Filter>src\platform\win32</Filter>
    </ClCompile>
    <ClCompile Include="src\platform\win32\SysHost_Win32.cpp">
      <Filter>src\platform\win32</Filter>
    </ClCompile>
    <ClCompile Include="src\PlotContext.cpp">
      <Filter>src</Filter>
    </ClCompile>
    <ClCompile Include="src\PlotWriter.cpp">
      <Filter>src</Filter>
    </ClCompile>
    <ClCompile Include="src\pos\chacha8.cpp">
      <Filter>src\pos</Filter>
    </ClCompile>
    <ClCompile Include="src\SysHost.cpp">
      <Filter>src</Filter>
    </ClCompile>
    <ClCompile Include="src\test\test_main.cpp">
      <Filter>src\test</Filter>
    </ClCompile>
    <ClCompile Include="src\test\test_numa_sort.cpp">
      <Filter>src\test</Filter>
    </ClCompile>
    <ClCompile Include="src\threading\Semaphore.cpp">
      <Filter>src\threading</Filter>
    </ClCompile>
    <ClCompile Include="src\threading\Thread.cpp">
      <Filter>src\threading</Filter>
    </ClCompile>
    <ClCompile Include="src\threading\ThreadPool.cpp">
      <Filter>src\threading</Filter>
    </ClCompile>
    <ClCompile Include="src\Util.cpp">
      <Filter>src</Filter>
    </ClCompile>
    <ClCompile Include="src\util\Log.cpp">
      <Filter>src\util</Filter>
    </ClCompile>
  </ItemGroup>
  <ItemGroup/>
  <ItemGroup>
    <None Include="src\b3\blake3_avx2_x86-64_unix.S">
      <Filter>src\b3</Filter>
    </None>
    <None Include="src\b3\blake3_avx512_x86-64_unix.S">
      <Filter>src\b3</Filter>
    </None>
    <None Include="src\b3\blake3_sse41_x86-64_unix.S">
      <Filter>src\b3</Filter>
    </None>
    <None Include="src\fse\commit">
      <Filter>src\fse</Filter>
    </None>
    <None Include="src\fse\LICENSE">
      <Filter>src\fse</Filter>
    </None>
    <None Include="src\fse\README.md">
      <Filter>src\fse</Filter>
    </None>
  </ItemGroup>
</Project>